
Microsoft Visual Studio Solution File, Format Version 12.00
# Visual Studio Version 17
VisualStudioVersion = 17.4.33213.308
MinimumVisualStudioVersion = 10.0.40219.1
Project("{888888A0-9F3D-457C-B088-3A5042F75D52}") = "lesson", "lesson\lesson.pyproj", "{4DF3C162-FD4B-410E-A53D-533240CC2F39}"
EndProject
Global
	GlobalSection(SolutionConfigurationPlatforms) = preSolution
		Debug|Any CPU = Debug|Any CPU
		Release|Any CPU = Release|Any CPU
	EndGlobalSection
	GlobalSection(ProjectConfigurationPlatforms) = postSolution
		{4DF3C162-FD4B-410E-A53D-533240CC2F39}.Debug|Any CPU.ActiveCfg = Debug|Any CPU
		{4DF3C162-FD4B-410E-A53D-533240CC2F39}.Release|Any CPU.ActiveCfg = Release|Any CPU
	EndGlobalSection
	GlobalSection(SolutionProperties) = preSolution
		HideSolutionNode = FALSE
	EndGlobalSection
	GlobalSection(ExtensibilityGlobals) = postSolution
		SolutionGuid = {FB40C674-DE08-4516-8A47-77D67F108EA2}
	EndGlobalSection
EndGlobal
